
Microsoft Visual Studio Solution File, Format Version 12.00
# Visual Studio 2017
Project("{FAE04EC0-301F-11D3-BF4B-00C04F79EFBC}") = "2DPlatformController", "2DPlatformController.csproj", "{8BA57167-F93A-7599-D982-790008554C28}"
EndProject
Project("{FAE04EC0-301F-11D3-BF4B-00C04F79EFBC}") = "2DPlatformController.Plugins", "2DPlatformController.Plugins.csproj", "{D47A9059-6174-C234-D3B0-273D9172E2A2}"
EndProject
Project("{FAE04EC0-301F-11D3-BF4B-00C04F79EFBC}") = "2DPlatformController.Editor.Plugins", "2DPlatformController.Editor.Plugins.csproj", "{0A6626A4-C459-6E65-3CBF-7D02EF146011}"
EndProject
Global
	GlobalSection(SolutionConfigurationPlatforms) = preSolution
		Debug|Any CPU = Debug|Any CPU
		Release|Any CPU = Release|Any CPU
	EndGlobalSection
	GlobalSection(ProjectConfigurationPlatforms) = postSolution
		{8BA57167-F93A-7599-D982-790008554C28}.Debug|Any CPU.ActiveCfg = Debug|Any CPU
		{8BA57167-F93A-7599-D982-790008554C28}.Debug|Any CPU.Build.0 = Debug|Any CPU
		{8BA57167-F93A-7599-D982-790008554C28}.Release|Any CPU.ActiveCfg = Release|Any CPU
		{8BA57167-F93A-7599-D982-790008554C28}.Release|Any CPU.Build.0 = Release|Any CPU
		{D47A9059-6174-C234-D3B0-273D9172E2A2}.Debug|Any CPU.ActiveCfg = Debug|Any CPU
		{D47A9059-6174-C234-D3B0-273D9172E2A2}.Debug|Any CPU.Build.0 = Debug|Any CPU
		{D47A9059-6174-C234-D3B0-273D9172E2A2}.Release|Any CPU.ActiveCfg = Release|Any CPU
		{D47A9059-6174-C234-D3B0-273D9172E2A2}.Release|Any CPU.Build.0 = Release|Any CPU
		{0A6626A4-C459-6E65-3CBF-7D02EF146011}.Debug|Any CPU.ActiveCfg = Debug|Any CPU
		{0A6626A4-C459-6E65-3CBF-7D02EF146011}.Debug|Any CPU.Build.0 = Debug|Any CPU
		{0A6626A4-C459-6E65-3CBF-7D02EF146011}.Release|Any CPU.ActiveCfg = Release|Any CPU
		{0A6626A4-C459-6E65-3CBF-7D02EF146011}.Release|Any CPU.Build.0 = Release|Any CPU
	EndGlobalSection
	GlobalSection(SolutionProperties) = preSolution
		HideSolutionNode = FALSE
	EndGlobalSection
EndGlobal
